// !$*UTF8*$!
{
	archiveVersion = 1;
	classes = {
	};
	objectVersion = 77;
	objects = {

/* Begin PBXBuildFile section */
		025042279393C42418FDFD8D /* RecordingViewModel.swift in Sources */ = {isa = PBXBuildFile; fileRef = 623AE57700BAC51C0A36AB35 /* RecordingViewModel.swift */; };
		0C5F565B5AFDF750B659E29D /* SpeechService.swift in Sources */ = {isa = PBXBuildFile; fileRef = 1FC405AD44FEC864EA3BB392 /* SpeechService.swift */; };
		15C15B9971F01C834191FE56 /* Sparkle in Frameworks */ = {isa = PBXBuildFile; productRef = FB3AA12BFACF9E901B72AA54 /* Sparkle */; };
		173BED91E8448404C959C248 /* KeyboardShortcuts in Frameworks */ = {isa = PBXBuildFile; productRef = EA251577C7F48601B8DB262D /* KeyboardShortcuts */; };
		17ED8CAF0AE9A6756EEED82A /* ProjectsViewModel.swift in Sources */ = {isa = PBXBuildFile; fileRef = 1F23B0E1CB8FF15CB0C0DE41 /* ProjectsViewModel.swift */; };
		19C668F32B8037B81544B605 /* DictationIndicatorWindow.swift in Sources */ = {isa = PBXBuildFile; fileRef = 61B9674838B0447312FAF1A8 /* DictationIndicatorWindow.swift */; };
		1A673163696A63AD1FAB3EEF /* AppleSpeechService.swift in Sources */ = {isa = PBXBuildFile; fileRef = E2066D2BD405B68D5D898133 /* AppleSpeechService.swift */; };
		1DA36BD7A443A532091DAC40 /* FeedViewModel.swift in Sources */ = {isa = PBXBuildFile; fileRef = 7F781688DC6703E784FD7175 /* FeedViewModel.swift */; };
		26CF63500CFB82AD6674DE8B /* MLXLMCommon in Frameworks */ = {isa = PBXBuildFile; productRef = 948F1403282285FAC5A7678C /* MLXLMCommon */; };
		27D2783F2FC112EB947495CC /* MLXLLM in Frameworks */ = {isa = PBXBuildFile; productRef = 7C417D60DC686BCFC9E88713 /* MLXLLM */; };
		28631630437CBD4A1AB7C02C /* EchoScribe.xcdatamodeld in Sources */ = {isa = PBXBuildFile; fileRef = E59A9BEEFE1032D81395E035 /* EchoScribe.xcdatamodeld */; };
		2AA663C0567C9B3013AE6840 /* CalendarView.swift in Sources */ = {isa = PBXBuildFile; fileRef = 8D833218C950AD21BE60E8E1 /* CalendarView.swift */; };
		339814113596D668A921997A /* AIProcessor.swift in Sources */ = {isa = PBXBuildFile; fileRef = DE33D40A5B687289CAAED0A6 /* AIProcessor.swift */; };
		4218E3A9161170EBB1D7AB95 /* CDNote.swift in Sources */ = {isa = PBXBuildFile; fileRef = 78D495EF60C36567BFB68EC3 /* CDNote.swift */; };
		426ACE25F1809FF0D61FA11A /* ProjectWithCount.swift in Sources */ = {isa = PBXBuildFile; fileRef = 42666A42CEBBCFDDA22C9331 /* ProjectWithCount.swift */; };
		485C3796CD1B99369BCE73C4 /* AudioDeviceManager.swift in Sources */ = {isa = PBXBuildFile; fileRef = B741DE37FC5347C9A865E9F5 /* AudioDeviceManager.swift */; };
		486073C9E982D946E8BB5ADC /* DesignTokens.swift in Sources */ = {isa = PBXBuildFile; fileRef = 3D04742837B648BBE748F2B4 /* DesignTokens.swift */; };
		4D7C7C57CE7F85BDF1843564 /* ShortcutConflictDetector.swift in Sources */ = {isa = PBXBuildFile; fileRef = B999D77D0091C55DF6A79B2A /* ShortcutConflictDetector.swift */; };
		4E48EAFD1D06E176715769D1 /* SpotlightIndexer.swift in Sources */ = {isa = PBXBuildFile; fileRef = 740BECBF9C239A3BC625DA27 /* SpotlightIndexer.swift */; };
		4F5E08A88F96E149D3E03530 /* FeedViewModelTests.swift in Sources */ = {isa = PBXBuildFile; fileRef = 3A7B4A78B89979C41D972250 /* FeedViewModelTests.swift */; };
		5562AC9223FEEBAEA4B5644D /* ProjectGroupView.swift in Sources */ = {isa = PBXBuildFile; fileRef = 31EF8F77CB7CD8FD08B8908B /* ProjectGroupView.swift */; };
		570B8C04A1014240C98B2D38 /* WhisperKit in Frameworks */ = {isa = PBXBuildFile; productRef = A0EB82991BD29C2EDA22947B /* WhisperKit */; };
		58784503AACD1F1721561BD3 /* WaveformView.swift in Sources */ = {isa = PBXBuildFile; fileRef = 9B84BAE19341CDE8D7FE54AD /* WaveformView.swift */; };
		651502442D782161F98810B6 /* WhisperSpeechService.swift in Sources */ = {isa = PBXBuildFile; fileRef = 944940D338304F3E48B46900 /* WhisperSpeechService.swift */; };
		651C2281D0EFEFFB004E124F /* KanbanView.swift in Sources */ = {isa = PBXBuildFile; fileRef = B0118BF51B8CCEC3636F3F5D /* KanbanView.swift */; };
		65569E5B5037360F89131F30 /* ClipboardPasteService.swift in Sources */ = {isa = PBXBuildFile; fileRef = AA861F3EBD22AEFC653C4DF8 /* ClipboardPasteService.swift */; };
		67A501488FC77F97CB1107CE /* FeedView.swift in Sources */ = {isa = PBXBuildFile; fileRef = 9708212DA25956D2D8561055 /* FeedView.swift */; };
		69BC3AFA235FB01657288A17 /* NoteProcessingPipeline.swift in Sources */ = {isa = PBXBuildFile; fileRef = C5DC2BFCA28049A6148EA932 /* NoteProcessingPipeline.swift */; };
		6D880BA63CBD833061E65070 /* ColorExtension.swift in Sources */ = {isa = PBXBuildFile; fileRef = B567945DD22AF2C3A41A435E /* ColorExtension.swift */; };
		6FCE61F14592EC42E72866BB /* DictationViewModel.swift in Sources */ = {isa = PBXBuildFile; fileRef = 2ED142CD20DF93AB623D7CFE /* DictationViewModel.swift */; };
		73385FF435A910AB4BA594F6 /* CDProject.swift in Sources */ = {isa = PBXBuildFile; fileRef = 356AA99857B8FCF1A2327D82 /* CDProject.swift */; };
		75A18AA159A53214674538F9 /* CDNoteTask.swift in Sources */ = {isa = PBXBuildFile; fileRef = E0574D995FC63F5319AC7157 /* CDNoteTask.swift */; };
		7FBA91111CBA96EB129667DE /* NoteDetailView.swift in Sources */ = {isa = PBXBuildFile; fileRef = 706F782AA9C18D51B2C89836 /* NoteDetailView.swift */; };
		84B18EBA3D6B0E58F7EEF976 /* AudioCaptureManager.swift in Sources */ = {isa = PBXBuildFile; fileRef = 9CEA46F2D732F3DBFF394F65 /* AudioCaptureManager.swift */; };
		8ABE9C1B872005E9C78F687D /* TestHelpers.swift in Sources */ = {isa = PBXBuildFile; fileRef = 1B273E37C3A8CD197AAC3555 /* TestHelpers.swift */; };
		8B0668C715D3AD7BB2705519 /* ContextSummaryView.swift in Sources */ = {isa = PBXBuildFile; fileRef = B3539ADDE283F3346A3A115C /* ContextSummaryView.swift */; };
		8E826815E4B2F39663C423A7 /* NoteCardView.swift in Sources */ = {isa = PBXBuildFile; fileRef = 82FD225F37997AB33DE34951 /* NoteCardView.swift */; };
		8F7089E2A1B93198E123C624 /* NoteDeletionTests.swift in Sources */ = {isa = PBXBuildFile; fileRef = 4228438A686C75212453B109 /* NoteDeletionTests.swift */; };
		968F3B090A9112F1ACCCA069 /* ContentView.swift in Sources */ = {isa = PBXBuildFile; fileRef = 4056CE6BA2B3687B66F0B88E /* ContentView.swift */; };
		9ACCC351FEB8104B0C96BB6C /* MenuBarManager.swift in Sources */ = {isa = PBXBuildFile; fileRef = 1E0FA39AD10441CD3EC9A9E6 /* MenuBarManager.swift */; };
		A64033C56D3B5DDBCFB60D42 /* SettingsViewModel.swift in Sources */ = {isa = PBXBuildFile; fileRef = A3A8FCD1A61B09605EE15A51 /* SettingsViewModel.swift */; };
		AC552B938776DFAF2F91D0B1 /* ViewModifiers.swift in Sources */ = {isa = PBXBuildFile; fileRef = 7BD97AD38686B95F5E383AC6 /* ViewModifiers.swift */; };
		AE26C896A0B3D2B151325F4A /* MLXService.swift in Sources */ = {isa = PBXBuildFile; fileRef = 99D70AAB1B4402C3EF4230CE /* MLXService.swift */; };
		AF4CDCC555BE81A6A339DF2F /* NoteWithDetailsTests.swift in Sources */ = {isa = PBXBuildFile; fileRef = 27DF4BBDB1598744A37A09BF /* NoteWithDetailsTests.swift */; };
		B6B315C67A9491298AB35F5A /* PromptTemplatesTests.swift in Sources */ = {isa = PBXBuildFile; fileRef = 338D90A6AE920AE25FA605BC /* PromptTemplatesTests.swift */; };
		B841C0F7F9F05C40A2B0644E /* EchoScribeApp.swift in Sources */ = {isa = PBXBuildFile; fileRef = 4FECA86E006541C8B9367CCF /* EchoScribeApp.swift */; };
		BC07E139229EBF4A6F4ADB65 /* NoteWithDetails.swift in Sources */ = {isa = PBXBuildFile; fileRef = 788EA003CBB3DE35D209659F /* NoteWithDetails.swift */; };
		BE8186C6AED54FC4B6096CEE /* Constants.swift in Sources */ = {isa = PBXBuildFile; fileRef = EDF951E518ABE56CEC245B0E /* Constants.swift */; };
		CB588909B079BDFBA406405A /* RecordingOverlayView.swift in Sources */ = {isa = PBXBuildFile; fileRef = A77F9B3B2388342F0AAAD21B /* RecordingOverlayView.swift */; };
		CC46CBC1BFA1C4E6DFDBF1E8 /* PromptTemplates.swift in Sources */ = {isa = PBXBuildFile; fileRef = 209C36D9A5D7B2AFC5D1DB4F /* PromptTemplates.swift */; };
		CD4953B4C46B05D32B9B6E1E /* SidebarView.swift in Sources */ = {isa = PBXBuildFile; fileRef = 14187B94F9BA3F44B23CFD13 /* SidebarView.swift */; };
		D30E2741923084B7BC95B35C /* ShortcutConflictView.swift in Sources */ = {isa = PBXBuildFile; fileRef = 18DC95C889344C2C09D95C07 /* ShortcutConflictView.swift */; };
		D886FF83BE9D0F3A62A1D584 /* AppState.swift in Sources */ = {isa = PBXBuildFile; fileRef = F4EA13384832A7AC686AC292 /* AppState.swift */; };
		DB159368F7287645745105F6 /* SystemShortcutNames.swift in Sources */ = {isa = PBXBuildFile; fileRef = 749ED7B0E26DAA94D4EDC766 /* SystemShortcutNames.swift */; };
		E3CF491CBB3552F7E2A0591D /* PersistenceController.swift in Sources */ = {isa = PBXBuildFile; fileRef = DFA49F0760FB5725A41CCE72 /* PersistenceController.swift */; };
		E5F077CC98A5AD98406928D5 /* AppLaunchUITests.swift in Sources */ = {isa = PBXBuildFile; fileRef = C360024687BF40338000CF6C /* AppLaunchUITests.swift */; };
		E63C0CDDB264F93C9BF7B198 /* RecordingCoordinator.swift in Sources */ = {isa = PBXBuildFile; fileRef = 1F78F000AFE371AB9F1CBF03 /* RecordingCoordinator.swift */; };
		E7E1A93C679BC077196D8FE6 /* NoteAnalysis.swift in Sources */ = {isa = PBXBuildFile; fileRef = A3FE554468A446866508DAEE /* NoteAnalysis.swift */; };
		EB69AC4EED9C45C5E05AFD5D /* TaskDetailView.swift in Sources */ = {isa = PBXBuildFile; fileRef = 07A96AF583D33F25CE79BB2D /* TaskDetailView.swift */; };
		EB96174D2EDDD9AC88321F14 /* SettingsView.swift in Sources */ = {isa = PBXBuildFile; fileRef = 2CEC3E0F3DB78B7CDEE8D077 /* SettingsView.swift */; };
		EBBD401A79423048E16A8066 /* FilterBarView.swift in Sources */ = {isa = PBXBuildFile; fileRef = B9B0F6458A02FD9529295173 /* FilterBarView.swift */; };
		ED359D875B86860965A657D8 /* NoteAnalysisTests.swift in Sources */ = {isa = PBXBuildFile; fileRef = 20EB1DE81A2BCA265EB50AF7 /* NoteAnalysisTests.swift */; };
		EE17D4F37B68B1129A7C2D95 /* Assets.xcassets in Resources */ = {isa = PBXBuildFile; fileRef = A5E8E3C837E50C2BF0ADDED2 /* Assets.xcassets */; };
		F274416E5457005788EAB70C /* PersistenceIntegrationTests.swift in Sources */ = {isa = PBXBuildFile; fileRef = 4E666A5F0C22A7B529EF165C /* PersistenceIntegrationTests.swift */; };
		FB0FC60CFE7B591BE987D079 /* CDTag.swift in Sources */ = {isa = PBXBuildFile; fileRef = 157938CDD1CAD310EC8B888D /* CDTag.swift */; };
/* End PBXBuildFile section */

/* Begin PBXContainerItemProxy section */
		255785651915E6DB8BEEF7E1 /* PBXContainerItemProxy */ = {
			isa = PBXContainerItemProxy;
			containerPortal = 72C4AE9834D4E9751A71359A /* Project object */;
			proxyType = 1;
			remoteGlobalIDString = 629BFB5D37D4AA95F0DA1B3B;
			remoteInfo = EchoScribe;
		};
		D57D45E3AC0560F8BDD0223C /* PBXContainerItemProxy */ = {
			isa = PBXContainerItemProxy;
			containerPortal = 72C4AE9834D4E9751A71359A /* Project object */;
			proxyType = 1;
			remoteGlobalIDString = 629BFB5D37D4AA95F0DA1B3B;
			remoteInfo = EchoScribe;
		};
/* End PBXContainerItemProxy section */

/* Begin PBXFileReference section */
		07A96AF583D33F25CE79BB2D /* TaskDetailView.swift */ = {isa = PBXFileReference; lastKnownFileType = sourcecode.swift; path = TaskDetailView.swift; sourceTree = "<group>"; };
		14187B94F9BA3F44B23CFD13 /* SidebarView.swift */ = {isa = PBXFileReference; lastKnownFileType = sourcecode.swift; path = SidebarView.swift; sourceTree = "<group>"; };
		157938CDD1CAD310EC8B888D /* CDTag.swift */ = {isa = PBXFileReference; lastKnownFileType = sourcecode.swift; path = CDTag.swift; sourceTree = "<group>"; };
		18DC95C889344C2C09D95C07 /* ShortcutConflictView.swift */ = {isa = PBXFileReference; lastKnownFileType = sourcecode.swift; path = ShortcutConflictView.swift; sourceTree = "<group>"; };
		1B273E37C3A8CD197AAC3555 /* TestHelpers.swift */ = {isa = PBXFileReference; lastKnownFileType = sourcecode.swift; path = TestHelpers.swift; sourceTree = "<group>"; };
		1E0FA39AD10441CD3EC9A9E6 /* MenuBarManager.swift */ = {isa = PBXFileReference; lastKnownFileType = sourcecode.swift; path = MenuBarManager.swift; sourceTree = "<group>"; };
		1F23B0E1CB8FF15CB0C0DE41 /* ProjectsViewModel.swift */ = {isa = PBXFileReference; lastKnownFileType = sourcecode.swift; path = ProjectsViewModel.swift; sourceTree = "<group>"; };
		1F78F000AFE371AB9F1CBF03 /* RecordingCoordinator.swift */ = {isa = PBXFileReference; lastKnownFileType = sourcecode.swift; path = RecordingCoordinator.swift; sourceTree = "<group>"; };
		1FC405AD44FEC864EA3BB392 /* SpeechService.swift */ = {isa = PBXFileReference; lastKnownFileType = sourcecode.swift; path = SpeechService.swift; sourceTree = "<group>"; };
		209C36D9A5D7B2AFC5D1DB4F /* PromptTemplates.swift */ = {isa = PBXFileReference; lastKnownFileType = sourcecode.swift; path = PromptTemplates.swift; sourceTree = "<group>"; };
		20EB1DE81A2BCA265EB50AF7 /* NoteAnalysisTests.swift */ = {isa = PBXFileReference; lastKnownFileType = sourcecode.swift; path = NoteAnalysisTests.swift; sourceTree = "<group>"; };
		27DF4BBDB1598744A37A09BF /* NoteWithDetailsTests.swift */ = {isa = PBXFileReference; lastKnownFileType = sourcecode.swift; path = NoteWithDetailsTests.swift; sourceTree = "<group>"; };
		29A150D0FDBCB7D87A5B4DB7 /* EchoScribe.app */ = {isa = PBXFileReference; explicitFileType = wrapper.application; includeInIndex = 0; path = EchoScribe.app; sourceTree = BUILT_PRODUCTS_DIR; };
		29BF7E61099BE07D506BB013 /* EchoScribe.xcdatamodel */ = {isa = PBXFileReference; lastKnownFileType = wrapper.xcdatamodel; path = EchoScribe.xcdatamodel; sourceTree = "<group>"; };
		2CEC3E0F3DB78B7CDEE8D077 /* SettingsView.swift */ = {isa = PBXFileReference; lastKnownFileType = sourcecode.swift; path = SettingsView.swift; sourceTree = "<group>"; };
		2ED142CD20DF93AB623D7CFE /* DictationViewModel.swift */ = {isa = PBXFileReference; lastKnownFileType = sourcecode.swift; path = DictationViewModel.swift; sourceTree = "<group>"; };
		31EF8F77CB7CD8FD08B8908B /* ProjectGroupView.swift */ = {isa = PBXFileReference; lastKnownFileType = sourcecode.swift; path = ProjectGroupView.swift; sourceTree = "<group>"; };
		338D90A6AE920AE25FA605BC /* PromptTemplatesTests.swift */ = {isa = PBXFileReference; lastKnownFileType = sourcecode.swift; path = PromptTemplatesTests.swift; sourceTree = "<group>"; };
		356AA99857B8FCF1A2327D82 /* CDProject.swift */ = {isa = PBXFileReference; lastKnownFileType = sourcecode.swift; path = CDProject.swift; sourceTree = "<group>"; };
		3A7B4A78B89979C41D972250 /* FeedViewModelTests.swift */ = {isa = PBXFileReference; lastKnownFileType = sourcecode.swift; path = FeedViewModelTests.swift; sourceTree = "<group>"; };
		3D04742837B648BBE748F2B4 /* DesignTokens.swift */ = {isa = PBXFileReference; lastKnownFileType = sourcecode.swift; path = DesignTokens.swift; sourceTree = "<group>"; };
		4056CE6BA2B3687B66F0B88E /* ContentView.swift */ = {isa = PBXFileReference; lastKnownFileType = sourcecode.swift; path = ContentView.swift; sourceTree = "<group>"; };
		4228438A686C75212453B109 /* NoteDeletionTests.swift */ = {isa = PBXFileReference; lastKnownFileType = sourcecode.swift; path = NoteDeletionTests.swift; sourceTree = "<group>"; };
		42666A42CEBBCFDDA22C9331 /* ProjectWithCount.swift */ = {isa = PBXFileReference; lastKnownFileType = sourcecode.swift; path = ProjectWithCount.swift; sourceTree = "<group>"; };
		4E666A5F0C22A7B529EF165C /* PersistenceIntegrationTests.swift */ = {isa = PBXFileReference; lastKnownFileType = sourcecode.swift; path = PersistenceIntegrationTests.swift; sourceTree = "<group>"; };
		4FECA86E006541C8B9367CCF /* EchoScribeApp.swift */ = {isa = PBXFileReference; lastKnownFileType = sourcecode.swift; path = EchoScribeApp.swift; sourceTree = "<group>"; };
		519C3AA6363A68904C8A91B5 /* EchoScribe.entitlements */ = {isa = PBXFileReference; lastKnownFileType = text.plist.entitlements; path = EchoScribe.entitlements; sourceTree = "<group>"; };
		61B9674838B0447312FAF1A8 /* DictationIndicatorWindow.swift */ = {isa = PBXFileReference; lastKnownFileType = sourcecode.swift; path = DictationIndicatorWindow.swift; sourceTree = "<group>"; };
		623AE57700BAC51C0A36AB35 /* RecordingViewModel.swift */ = {isa = PBXFileReference; lastKnownFileType = sourcecode.swift; path = RecordingViewModel.swift; sourceTree = "<group>"; };
		6B008A1031B91A4B83CE2779 /* EchoScribeUITests.xctest */ = {isa = PBXFileReference; explicitFileType = wrapper.cfbundle; includeInIndex = 0; path = EchoScribeUITests.xctest; sourceTree = BUILT_PRODUCTS_DIR; };
		706F782AA9C18D51B2C89836 /* NoteDetailView.swift */ = {isa = PBXFileReference; lastKnownFileType = sourcecode.swift; path = NoteDetailView.swift; sourceTree = "<group>"; };
		740BECBF9C239A3BC625DA27 /* SpotlightIndexer.swift */ = {isa = PBXFileReference; lastKnownFileType = sourcecode.swift; path = SpotlightIndexer.swift; sourceTree = "<group>"; };
		749ED7B0E26DAA94D4EDC766 /* SystemShortcutNames.swift */ = {isa = PBXFileReference; lastKnownFileType = sourcecode.swift; path = SystemShortcutNames.swift; sourceTree = "<group>"; };
		788EA003CBB3DE35D209659F /* NoteWithDetails.swift */ = {isa = PBXFileReference; lastKnownFileType = sourcecode.swift; path = NoteWithDetails.swift; sourceTree = "<group>"; };
		78D495EF60C36567BFB68EC3 /* CDNote.swift */ = {isa = PBXFileReference; lastKnownFileType = sourcecode.swift; path = CDNote.swift; sourceTree = "<group>"; };
		7BD97AD38686B95F5E383AC6 /* ViewModifiers.swift */ = {isa = PBXFileReference; lastKnownFileType = sourcecode.swift; path = ViewModifiers.swift; sourceTree = "<group>"; };
		7F781688DC6703E784FD7175 /* FeedViewModel.swift */ = {isa = PBXFileReference; lastKnownFileType = sourcecode.swift; path = FeedViewModel.swift; sourceTree = "<group>"; };
		82FD225F37997AB33DE34951 /* NoteCardView.swift */ = {isa = PBXFileReference; lastKnownFileType = sourcecode.swift; path = NoteCardView.swift; sourceTree = "<group>"; };
		8D833218C950AD21BE60E8E1 /* CalendarView.swift */ = {isa = PBXFileReference; lastKnownFileType = sourcecode.swift; path = CalendarView.swift; sourceTree = "<group>"; };
		944940D338304F3E48B46900 /* WhisperSpeechService.swift */ = {isa = PBXFileReference; lastKnownFileType = sourcecode.swift; path = WhisperSpeechService.swift; sourceTree = "<group>"; };
		9708212DA25956D2D8561055 /* FeedView.swift */ = {isa = PBXFileReference; lastKnownFileType = sourcecode.swift; path = FeedView.swift; sourceTree = "<group>"; };
		99D70AAB1B4402C3EF4230CE /* MLXService.swift */ = {isa = PBXFileReference; lastKnownFileType = sourcecode.swift; path = MLXService.swift; sourceTree = "<group>"; };
		9B84BAE19341CDE8D7FE54AD /* WaveformView.swift */ = {isa = PBXFileReference; lastKnownFileType = sourcecode.swift; path = WaveformView.swift; sourceTree = "<group>"; };
		9CEA46F2D732F3DBFF394F65 /* AudioCaptureManager.swift */ = {isa = PBXFileReference; lastKnownFileType = sourcecode.swift; path = AudioCaptureManager.swift; sourceTree = "<group>"; };
		A3A8FCD1A61B09605EE15A51 /* SettingsViewModel.swift */ = {isa = PBXFileReference; lastKnownFileType = sourcecode.swift; path = SettingsViewModel.swift; sourceTree = "<group>"; };
		A3FE554468A446866508DAEE /* NoteAnalysis.swift */ = {isa = PBXFileReference; lastKnownFileType = sourcecode.swift; path = NoteAnalysis.swift; sourceTree = "<group>"; };
		A5E8E3C837E50C2BF0ADDED2 /* Assets.xcassets */ = {isa = PBXFileReference; lastKnownFileType = folder.assetcatalog; path = Assets.xcassets; sourceTree = "<group>"; };
		A77F9B3B2388342F0AAAD21B /* RecordingOverlayView.swift */ = {isa = PBXFileReference; lastKnownFileType = sourcecode.swift; path = RecordingOverlayView.swift; sourceTree = "<group>"; };
		AA861F3EBD22AEFC653C4DF8 /* ClipboardPasteService.swift */ = {isa = PBXFileReference; lastKnownFileType = sourcecode.swift; path = ClipboardPasteService.swift; sourceTree = "<group>"; };
		B0118BF51B8CCEC3636F3F5D /* KanbanView.swift */ = {isa = PBXFileReference; lastKnownFileType = sourcecode.swift; path = KanbanView.swift; sourceTree = "<group>"; };
		B3539ADDE283F3346A3A115C /* ContextSummaryView.swift */ = {isa = PBXFileReference; lastKnownFileType = sourcecode.swift; path = ContextSummaryView.swift; sourceTree = "<group>"; };
		B567945DD22AF2C3A41A435E /* ColorExtension.swift */ = {isa = PBXFileReference; lastKnownFileType = sourcecode.swift; path = ColorExtension.swift; sourceTree = "<group>"; };
		B741DE37FC5347C9A865E9F5 /* AudioDeviceManager.swift */ = {isa = PBXFileReference; lastKnownFileType = sourcecode.swift; path = AudioDeviceManager.swift; sourceTree = "<group>"; };
		B999D77D0091C55DF6A79B2A /* ShortcutConflictDetector.swift */ = {isa = PBXFileReference; lastKnownFileType = sourcecode.swift; path = ShortcutConflictDetector.swift; sourceTree = "<group>"; };
		B9B0F6458A02FD9529295173 /* FilterBarView.swift */ = {isa = PBXFileReference; lastKnownFileType = sourcecode.swift; path = FilterBarView.swift; sourceTree = "<group>"; };
		C360024687BF40338000CF6C /* AppLaunchUITests.swift */ = {isa = PBXFileReference; lastKnownFileType = sourcecode.swift; path = AppLaunchUITests.swift; sourceTree = "<group>"; };
		C5DC2BFCA28049A6148EA932 /* NoteProcessingPipeline.swift */ = {isa = PBXFileReference; lastKnownFileType = sourcecode.swift; path = NoteProcessingPipeline.swift; sourceTree = "<group>"; };
		DE33D40A5B687289CAAED0A6 /* AIProcessor.swift */ = {isa = PBXFileReference; lastKnownFileType = sourcecode.swift; path = AIProcessor.swift; sourceTree = "<group>"; };
		DFA49F0760FB5725A41CCE72 /* PersistenceController.swift */ = {isa = PBXFileReference; lastKnownFileType = sourcecode.swift; path = PersistenceController.swift; sourceTree = "<group>"; };
		E0574D995FC63F5319AC7157 /* CDNoteTask.swift */ = {isa = PBXFileReference; lastKnownFileType = sourcecode.swift; path = CDNoteTask.swift; sourceTree = "<group>"; };
		E2066D2BD405B68D5D898133 /* AppleSpeechService.swift */ = {isa = PBXFileReference; lastKnownFileType = sourcecode.swift; path = AppleSpeechService.swift; sourceTree = "<group>"; };
		EDF951E518ABE56CEC245B0E /* Constants.swift */ = {isa = PBXFileReference; lastKnownFileType = sourcecode.swift; path = Constants.swift; sourceTree = "<group>"; };
		F4EA13384832A7AC686AC292 /* AppState.swift */ = {isa = PBXFileReference; lastKnownFileType = sourcecode.swift; path = AppState.swift; sourceTree = "<group>"; };
		F6A66BEF195CE1F21DA48E96 /* EchoScribeTests.xctest */ = {isa = PBXFileReference; explicitFileType = wrapper.cfbundle; includeInIndex = 0; path = EchoScribeTests.xctest; sourceTree = BUILT_PRODUCTS_DIR; };
/* End PBXFileReference section */

/* Begin PBXFrameworksBuildPhase section */
		2198191D79BA140A972BDAE4 /* Frameworks */ = {
			isa = PBXFrameworksBuildPhase;
			buildActionMask = 2147483647;
			files = (
				27D2783F2FC112EB947495CC /* MLXLLM in Frameworks */,
				26CF63500CFB82AD6674DE8B /* MLXLMCommon in Frameworks */,
				570B8C04A1014240C98B2D38 /* WhisperKit in Frameworks */,
				173BED91E8448404C959C248 /* KeyboardShortcuts in Frameworks */,
				15C15B9971F01C834191FE56 /* Sparkle in Frameworks */,
			);
			runOnlyForDeploymentPostprocessing = 0;
		};
/* End PBXFrameworksBuildPhase section */

/* Begin PBXGroup section */
		0E8C3E1548A8812CC06074AD /* Products */ = {
			isa = PBXGroup;
			children = (
				29A150D0FDBCB7D87A5B4DB7 /* EchoScribe.app */,
				F6A66BEF195CE1F21DA48E96 /* EchoScribeTests.xctest */,
				6B008A1031B91A4B83CE2779 /* EchoScribeUITests.xctest */,
			);
			name = Products;
			sourceTree = "<group>";
		};
		1429AAB7201A130F2D743978 /* Visualizations */ = {
			isa = PBXGroup;
			children = (
				8D833218C950AD21BE60E8E1 /* CalendarView.swift */,
				B0118BF51B8CCEC3636F3F5D /* KanbanView.swift */,
				31EF8F77CB7CD8FD08B8908B /* ProjectGroupView.swift */,
			);
			path = Visualizations;
			sourceTree = "<group>";
		};
		1BD426C9584CB7009A261EF8 /* Settings */ = {
			isa = PBXGroup;
			children = (
				2CEC3E0F3DB78B7CDEE8D077 /* SettingsView.swift */,
				18DC95C889344C2C09D95C07 /* ShortcutConflictView.swift */,
			);
			path = Settings;
			sourceTree = "<group>";
		};
		1F07FAA829535C3BE45AD78A /* Speech */ = {
			isa = PBXGroup;
			children = (
				E2066D2BD405B68D5D898133 /* AppleSpeechService.swift */,
				9CEA46F2D732F3DBFF394F65 /* AudioCaptureManager.swift */,
				1FC405AD44FEC864EA3BB392 /* SpeechService.swift */,
				944940D338304F3E48B46900 /* WhisperSpeechService.swift */,
			);
			path = Speech;
			sourceTree = "<group>";
		};
		24057042F258E1B6C2F7F327 /* Utilities */ = {
			isa = PBXGroup;
			children = (
				B567945DD22AF2C3A41A435E /* ColorExtension.swift */,
				EDF951E518ABE56CEC245B0E /* Constants.swift */,
				749ED7B0E26DAA94D4EDC766 /* SystemShortcutNames.swift */,
			);
			path = Utilities;
			sourceTree = "<group>";
		};
		24FEAF945F30A345E73BA727 = {
			isa = PBXGroup;
			children = (
				912FDF2860014270AC9613DC /* EchoScribe */,
				9D97F63A987EAE1B17C00D72 /* EchoScribeTests */,
				D57CAEED68A7D826D39F04AC /* EchoScribeUITests */,
				0E8C3E1548A8812CC06074AD /* Products */,
			);
			sourceTree = "<group>";
		};
		3F1F4A47BD03E49F13739D29 /* Models */ = {
			isa = PBXGroup;
			children = (
				78D495EF60C36567BFB68EC3 /* CDNote.swift */,
				E0574D995FC63F5319AC7157 /* CDNoteTask.swift */,
				356AA99857B8FCF1A2327D82 /* CDProject.swift */,
				157938CDD1CAD310EC8B888D /* CDTag.swift */,
				788EA003CBB3DE35D209659F /* NoteWithDetails.swift */,
				42666A42CEBBCFDDA22C9331 /* ProjectWithCount.swift */,
			);
			path = Models;
			sourceTree = "<group>";
		};
		430C49795B04EFC14BC094CB /* AI */ = {
			isa = PBXGroup;
			children = (
				DE33D40A5B687289CAAED0A6 /* AIProcessor.swift */,
				99D70AAB1B4402C3EF4230CE /* MLXService.swift */,
				A3FE554468A446866508DAEE /* NoteAnalysis.swift */,
				209C36D9A5D7B2AFC5D1DB4F /* PromptTemplates.swift */,
			);
			path = AI;
			sourceTree = "<group>";
		};
		463CAF408AC031BCBE57006A /* Design */ = {
			isa = PBXGroup;
			children = (
				3D04742837B648BBE748F2B4 /* DesignTokens.swift */,
				7BD97AD38686B95F5E383AC6 /* ViewModifiers.swift */,
			);
			path = Design;
			sourceTree = "<group>";
		};
		4F4C94FE96E016C416D4B9A2 /* ViewModels */ = {
			isa = PBXGroup;
			children = (
				2ED142CD20DF93AB623D7CFE /* DictationViewModel.swift */,
				7F781688DC6703E784FD7175 /* FeedViewModel.swift */,
				1F23B0E1CB8FF15CB0C0DE41 /* ProjectsViewModel.swift */,
				623AE57700BAC51C0A36AB35 /* RecordingViewModel.swift */,
				A3A8FCD1A61B09605EE15A51 /* SettingsViewModel.swift */,
			);
			path = ViewModels;
			sourceTree = "<group>";
		};
		538EEECAC469A678E4519D90 /* Resources */ = {
			isa = PBXGroup;
			children = (
				A5E8E3C837E50C2BF0ADDED2 /* Assets.xcassets */,
				519C3AA6363A68904C8A91B5 /* EchoScribe.entitlements */,
			);
			path = Resources;
			sourceTree = "<group>";
		};
		585752EA4FD79E0F7B1E4733 /* Views */ = {
			isa = PBXGroup;
			children = (
				69B80F90FE1B710FE7DDFA73 /* Detail */,
				7289A49EA550864E57D945FB /* Feed */,
				FC0F8DC2B1E480CD5013AF49 /* MainWindow */,
				6FDF0A6CD6453D306D171776 /* Recording */,
				1BD426C9584CB7009A261EF8 /* Settings */,
				1429AAB7201A130F2D743978 /* Visualizations */,
			);
			path = Views;
			sourceTree = "<group>";
		};
		69B80F90FE1B710FE7DDFA73 /* Detail */ = {
			isa = PBXGroup;
			children = (
				706F782AA9C18D51B2C89836 /* NoteDetailView.swift */,
				07A96AF583D33F25CE79BB2D /* TaskDetailView.swift */,
			);
			path = Detail;
			sourceTree = "<group>";
		};
		6FDF0A6CD6453D306D171776 /* Recording */ = {
			isa = PBXGroup;
			children = (
				61B9674838B0447312FAF1A8 /* DictationIndicatorWindow.swift */,
				A77F9B3B2388342F0AAAD21B /* RecordingOverlayView.swift */,
				9B84BAE19341CDE8D7FE54AD /* WaveformView.swift */,
			);
			path = Recording;
			sourceTree = "<group>";
		};
		7289A49EA550864E57D945FB /* Feed */ = {
			isa = PBXGroup;
			children = (
				9708212DA25956D2D8561055 /* FeedView.swift */,
				B9B0F6458A02FD9529295173 /* FilterBarView.swift */,
				82FD225F37997AB33DE34951 /* NoteCardView.swift */,
			);
			path = Feed;
			sourceTree = "<group>";
		};
		74F965C89444B32CE4BA2B5C /* Helpers */ = {
			isa = PBXGroup;
			children = (
				1B273E37C3A8CD197AAC3555 /* TestHelpers.swift */,
			);
			path = Helpers;
			sourceTree = "<group>";
		};
		7ADA2DC19F921BA3159B6A51 /* Persistence */ = {
			isa = PBXGroup;
			children = (
				4E666A5F0C22A7B529EF165C /* PersistenceIntegrationTests.swift */,
			);
			path = Persistence;
			sourceTree = "<group>";
		};
		912FDF2860014270AC9613DC /* EchoScribe */ = {
			isa = PBXGroup;
			children = (
				D1295038ECC2222363A6451A /* App */,
				463CAF408AC031BCBE57006A /* Design */,
				E59A9BEEFE1032D81395E035 /* EchoScribe.xcdatamodeld */,
				3F1F4A47BD03E49F13739D29 /* Models */,
				AEE159BE4B5903C73D895BE8 /* Persistence */,
				538EEECAC469A678E4519D90 /* Resources */,
				B60AC07FA6B6C647A0DC5DE1 /* Services */,
				24057042F258E1B6C2F7F327 /* Utilities */,
				4F4C94FE96E016C416D4B9A2 /* ViewModels */,
				585752EA4FD79E0F7B1E4733 /* Views */,
			);
			path = EchoScribe;
			sourceTree = "<group>";
		};
		9D97F63A987EAE1B17C00D72 /* EchoScribeTests */ = {
			isa = PBXGroup;
			children = (
				74F965C89444B32CE4BA2B5C /* Helpers */,
				DEF8F79942F26F9FADF5FFD5 /* Models */,
				7ADA2DC19F921BA3159B6A51 /* Persistence */,
				D4BE118DC58167126270452F /* Services */,
				CD8BF6E62C815F1E7EB13014 /* ViewModels */,
			);
			path = EchoScribeTests;
			sourceTree = "<group>";
		};
		AEE159BE4B5903C73D895BE8 /* Persistence */ = {
			isa = PBXGroup;
			children = (
				DFA49F0760FB5725A41CCE72 /* PersistenceController.swift */,
			);
			path = Persistence;
			sourceTree = "<group>";
		};
		B60AC07FA6B6C647A0DC5DE1 /* Services */ = {
			isa = PBXGroup;
			children = (
				B741DE37FC5347C9A865E9F5 /* AudioDeviceManager.swift */,
				AA861F3EBD22AEFC653C4DF8 /* ClipboardPasteService.swift */,
				1F78F000AFE371AB9F1CBF03 /* RecordingCoordinator.swift */,
				B999D77D0091C55DF6A79B2A /* ShortcutConflictDetector.swift */,
				740BECBF9C239A3BC625DA27 /* SpotlightIndexer.swift */,
				430C49795B04EFC14BC094CB /* AI */,
				BB460BB77EF447552D8F2A2C /* Processing */,
				1F07FAA829535C3BE45AD78A /* Speech */,
			);
			path = Services;
			sourceTree = "<group>";
		};
		BB460BB77EF447552D8F2A2C /* Processing */ = {
			isa = PBXGroup;
			children = (
				C5DC2BFCA28049A6148EA932 /* NoteProcessingPipeline.swift */,
			);
			path = Processing;
			sourceTree = "<group>";
		};
		CD8BF6E62C815F1E7EB13014 /* ViewModels */ = {
			isa = PBXGroup;
			children = (
				3A7B4A78B89979C41D972250 /* FeedViewModelTests.swift */,
				4228438A686C75212453B109 /* NoteDeletionTests.swift */,
			);
			path = ViewModels;
			sourceTree = "<group>";
		};
		D1295038ECC2222363A6451A /* App */ = {
			isa = PBXGroup;
			children = (
				F4EA13384832A7AC686AC292 /* AppState.swift */,
				4FECA86E006541C8B9367CCF /* EchoScribeApp.swift */,
				1E0FA39AD10441CD3EC9A9E6 /* MenuBarManager.swift */,
			);
			path = App;
			sourceTree = "<group>";
		};
		D4BE118DC58167126270452F /* Services */ = {
			isa = PBXGroup;
			children = (
				20EB1DE81A2BCA265EB50AF7 /* NoteAnalysisTests.swift */,
				338D90A6AE920AE25FA605BC /* PromptTemplatesTests.swift */,
			);
			path = Services;
			sourceTree = "<group>";
		};
		D57CAEED68A7D826D39F04AC /* EchoScribeUITests */ = {
			isa = PBXGroup;
			children = (
				C360024687BF40338000CF6C /* AppLaunchUITests.swift */,
			);
			path = EchoScribeUITests;
			sourceTree = "<group>";
		};
		DEF8F79942F26F9FADF5FFD5 /* Models */ = {
			isa = PBXGroup;
			children = (
				27DF4BBDB1598744A37A09BF /* NoteWithDetailsTests.swift */,
			);
			path = Models;
			sourceTree = "<group>";
		};
		FC0F8DC2B1E480CD5013AF49 /* MainWindow */ = {
			isa = PBXGroup;
			children = (
				4056CE6BA2B3687B66F0B88E /* ContentView.swift */,
				B3539ADDE283F3346A3A115C /* ContextSummaryView.swift */,
				14187B94F9BA3F44B23CFD13 /* SidebarView.swift */,
			);
			path = MainWindow;
			sourceTree = "<group>";
		};
/* End PBXGroup section */

/* Begin PBXNativeTarget section */
		32432F7032DF5709F8FA8862 /* EchoScribeUITests */ = {
			isa = PBXNativeTarget;
			buildConfigurationList = 9FE0AD6BD4F1314CA2F99D59 /* Build configuration list for PBXNativeTarget "EchoScribeUITests" */;
			buildPhases = (
				FEE64CF059FE8CABC99FFE0F /* Sources */,
			);
			buildRules = (
			);
			dependencies = (
				334B77E5395CB69E1567578D /* PBXTargetDependency */,
			);
			name = EchoScribeUITests;
			packageProductDependencies = (
			);
			productName = EchoScribeUITests;
			productReference = 6B008A1031B91A4B83CE2779 /* EchoScribeUITests.xctest */;
			productType = "com.apple.product-type.bundle.ui-testing";
		};
		629BFB5D37D4AA95F0DA1B3B /* EchoScribe */ = {
			isa = PBXNativeTarget;
			buildConfigurationList = 0A997DA066FFFDB32C81BD2B /* Build configuration list for PBXNativeTarget "EchoScribe" */;
			buildPhases = (
				0BC476FA463B273063904812 /* Sources */,
				7E55065BCB402B93C9DC0F5B /* Resources */,
				2198191D79BA140A972BDAE4 /* Frameworks */,
			);
			buildRules = (
			);
			dependencies = (
			);
			name = EchoScribe;
			packageProductDependencies = (
				7C417D60DC686BCFC9E88713 /* MLXLLM */,
				948F1403282285FAC5A7678C /* MLXLMCommon */,
				A0EB82991BD29C2EDA22947B /* WhisperKit */,
				EA251577C7F48601B8DB262D /* KeyboardShortcuts */,
				FB3AA12BFACF9E901B72AA54 /* Sparkle */,
			);
			productName = EchoScribe;
			productReference = 29A150D0FDBCB7D87A5B4DB7 /* EchoScribe.app */;
			productType = "com.apple.product-type.application";
		};
		7F1A2A3ADDA6161A898288E1 /* EchoScribeTests */ = {
			isa = PBXNativeTarget;
			buildConfigurationList = F367D81B8CE6B0BD32FBFE2D /* Build configuration list for PBXNativeTarget "EchoScribeTests" */;
			buildPhases = (
				80EF2F67B72E85E8FEADC482 /* Sources */,
			);
			buildRules = (
			);
			dependencies = (
				563693871964FB1EB741D94B /* PBXTargetDependency */,
			);
			name = EchoScribeTests;
			packageProductDependencies = (
			);
			productName = EchoScribeTests;
			productReference = F6A66BEF195CE1F21DA48E96 /* EchoScribeTests.xctest */;
			productType = "com.apple.product-type.bundle.unit-test";
		};
/* End PBXNativeTarget section */

/* Begin PBXProject section */
		72C4AE9834D4E9751A71359A /* Project object */ = {
			isa = PBXProject;
			attributes = {
				BuildIndependentTargetsInParallel = YES;
				LastUpgradeCheck = 1600;
				TargetAttributes = {
					32432F7032DF5709F8FA8862 = {
						TestTargetID = 629BFB5D37D4AA95F0DA1B3B;
					};
				};
			};
			buildConfigurationList = CCAF5610C11DB34E468BCE2B /* Build configuration list for PBXProject "EchoScribe" */;
			developmentRegion = en;
			hasScannedForEncodings = 0;
			knownRegions = (
				Base,
				en,
			);
			mainGroup = 24FEAF945F30A345E73BA727;
			minimizedProjectReferenceProxies = 1;
			packageReferences = (
				37718A69E5A08307C5B7B840 /* XCRemoteSwiftPackageReference "KeyboardShortcuts" */,
				97613173121469241999D11C /* XCRemoteSwiftPackageReference "Sparkle" */,
				E682A04DB8279705C4240499 /* XCRemoteSwiftPackageReference "WhisperKit" */,
				EF6592583ECEA0C3A957AE7A /* XCRemoteSwiftPackageReference "mlx-swift-lm" */,
			);
			preferredProjectObjectVersion = 77;
			productRefGroup = 0E8C3E1548A8812CC06074AD /* Products */;
			projectDirPath = "";
			projectRoot = "";
			targets = (
				629BFB5D37D4AA95F0DA1B3B /* EchoScribe */,
				7F1A2A3ADDA6161A898288E1 /* EchoScribeTests */,
				32432F7032DF5709F8FA8862 /* EchoScribeUITests */,
			);
		};
/* End PBXProject section */

/* Begin PBXResourcesBuildPhase section */
		7E55065BCB402B93C9DC0F5B /* Resources */ = {
			isa = PBXResourcesBuildPhase;
			buildActionMask = 2147483647;
			files = (
				EE17D4F37B68B1129A7C2D95 /* Assets.xcassets in Resources */,
			);
			runOnlyForDeploymentPostprocessing = 0;
		};
/* End PBXResourcesBuildPhase section */

/* Begin PBXSourcesBuildPhase section */
		0BC476FA463B273063904812 /* Sources */ = {
			isa = PBXSourcesBuildPhase;
			buildActionMask = 2147483647;
			files = (
				339814113596D668A921997A /* AIProcessor.swift in Sources */,
				D886FF83BE9D0F3A62A1D584 /* AppState.swift in Sources */,
				1A673163696A63AD1FAB3EEF /* AppleSpeechService.swift in Sources */,
				84B18EBA3D6B0E58F7EEF976 /* AudioCaptureManager.swift in Sources */,
				485C3796CD1B99369BCE73C4 /* AudioDeviceManager.swift in Sources */,
				4218E3A9161170EBB1D7AB95 /* CDNote.swift in Sources */,
				75A18AA159A53214674538F9 /* CDNoteTask.swift in Sources */,
				73385FF435A910AB4BA594F6 /* CDProject.swift in Sources */,
				FB0FC60CFE7B591BE987D079 /* CDTag.swift in Sources */,
				2AA663C0567C9B3013AE6840 /* CalendarView.swift in Sources */,
				65569E5B5037360F89131F30 /* ClipboardPasteService.swift in Sources */,
				6D880BA63CBD833061E65070 /* ColorExtension.swift in Sources */,
				BE8186C6AED54FC4B6096CEE /* Constants.swift in Sources */,
				968F3B090A9112F1ACCCA069 /* ContentView.swift in Sources */,
				8B0668C715D3AD7BB2705519 /* ContextSummaryView.swift in Sources */,
				486073C9E982D946E8BB5ADC /* DesignTokens.swift in Sources */,
				19C668F32B8037B81544B605 /* DictationIndicatorWindow.swift in Sources */,
				6FCE61F14592EC42E72866BB /* DictationViewModel.swift in Sources */,
				28631630437CBD4A1AB7C02C /* EchoScribe.xcdatamodeld in Sources */,
				B841C0F7F9F05C40A2B0644E /* EchoScribeApp.swift in Sources */,
				67A501488FC77F97CB1107CE /* FeedView.swift in Sources */,
				1DA36BD7A443A532091DAC40 /* FeedViewModel.swift in Sources */,
				EBBD401A79423048E16A8066 /* FilterBarView.swift in Sources */,
				651C2281D0EFEFFB004E124F /* KanbanView.swift in Sources */,
				AE26C896A0B3D2B151325F4A /* MLXService.swift in Sources */,
				9ACCC351FEB8104B0C96BB6C /* MenuBarManager.swift in Sources */,
				E7E1A93C679BC077196D8FE6 /* NoteAnalysis.swift in Sources */,
				8E826815E4B2F39663C423A7 /* NoteCardView.swift in Sources */,
				7FBA91111CBA96EB129667DE /* NoteDetailView.swift in Sources */,
				69BC3AFA235FB01657288A17 /* NoteProcessingPipeline.swift in Sources */,
				BC07E139229EBF4A6F4ADB65 /* NoteWithDetails.swift in Sources */,
				E3CF491CBB3552F7E2A0591D /* PersistenceController.swift in Sources */,
				5562AC9223FEEBAEA4B5644D /* ProjectGroupView.swift in Sources */,
				426ACE25F1809FF0D61FA11A /* ProjectWithCount.swift in Sources */,
				17ED8CAF0AE9A6756EEED82A /* ProjectsViewModel.swift in Sources */,
				CC46CBC1BFA1C4E6DFDBF1E8 /* PromptTemplates.swift in Sources */,
				E63C0CDDB264F93C9BF7B198 /* RecordingCoordinator.swift in Sources */,
				CB588909B079BDFBA406405A /* RecordingOverlayView.swift in Sources */,
				025042279393C42418FDFD8D /* RecordingViewModel.swift in Sources */,
				EB96174D2EDDD9AC88321F14 /* SettingsView.swift in Sources */,
				A64033C56D3B5DDBCFB60D42 /* SettingsViewModel.swift in Sources */,
				4D7C7C57CE7F85BDF1843564 /* ShortcutConflictDetector.swift in Sources */,
				D30E2741923084B7BC95B35C /* ShortcutConflictView.swift in Sources */,
				CD4953B4C46B05D32B9B6E1E /* SidebarView.swift in Sources */,
				0C5F565B5AFDF750B659E29D /* SpeechService.swift in Sources */,
				4E48EAFD1D06E176715769D1 /* SpotlightIndexer.swift in Sources */,
				DB159368F7287645745105F6 /* SystemShortcutNames.swift in Sources */,
				EB69AC4EED9C45C5E05AFD5D /* TaskDetailView.swift in Sources */,
				AC552B938776DFAF2F91D0B1 /* ViewModifiers.swift in Sources */,
				58784503AACD1F1721561BD3 /* WaveformView.swift in Sources */,
				651502442D782161F98810B6 /* WhisperSpeechService.swift in Sources */,
			);
			runOnlyForDeploymentPostprocessing = 0;
		};
		80EF2F67B72E85E8FEADC482 /* Sources */ = {
			isa = PBXSourcesBuildPhase;
			buildActionMask = 2147483647;
			files = (
				4F5E08A88F96E149D3E03530 /* FeedViewModelTests.swift in Sources */,
				ED359D875B86860965A657D8 /* NoteAnalysisTests.swift in Sources */,
				8F7089E2A1B93198E123C624 /* NoteDeletionTests.swift in Sources */,
				AF4CDCC555BE81A6A339DF2F /* NoteWithDetailsTests.swift in Sources */,
				F274416E5457005788EAB70C /* PersistenceIntegrationTests.swift in Sources */,
				B6B315C67A9491298AB35F5A /* PromptTemplatesTests.swift in Sources */,
				8ABE9C1B872005E9C78F687D /* TestHelpers.swift in Sources */,
			);
			runOnlyForDeploymentPostprocessing = 0;
		};
		FEE64CF059FE8CABC99FFE0F /* Sources */ = {
			isa = PBXSourcesBuildPhase;
			buildActionMask = 2147483647;
			files = (
				E5F077CC98A5AD98406928D5 /* AppLaunchUITests.swift in Sources */,
			);
			runOnlyForDeploymentPostprocessing = 0;
		};
/* End PBXSourcesBuildPhase section */

/* Begin PBXTargetDependency section */
		334B77E5395CB69E1567578D /* PBXTargetDependency */ = {
			isa = PBXTargetDependency;
			target = 629BFB5D37D4AA95F0DA1B3B /* EchoScribe */;
			targetProxy = D57D45E3AC0560F8BDD0223C /* PBXContainerItemProxy */;
		};
		563693871964FB1EB741D94B /* PBXTargetDependency */ = {
			isa = PBXTargetDependency;
			target = 629BFB5D37D4AA95F0DA1B3B /* EchoScribe */;
			targetProxy = 255785651915E6DB8BEEF7E1 /* PBXContainerItemProxy */;
		};
/* End PBXTargetDependency section */

/* Begin XCBuildConfiguration section */
		124A2A4A94EAE27493D81E5F /* Debug */ = {
			isa = XCBuildConfiguration;
			buildSettings = {
				ASSETCATALOG_COMPILER_APPICON_NAME = AppIcon;
				CODE_SIGN_ENTITLEMENTS = EchoScribe/Resources/EchoScribe.entitlements;
				COMBINE_HIDPI_IMAGES = YES;
				ENABLE_HARDENED_RUNTIME = YES;
				GENERATE_INFOPLIST_FILE = NO;
				INFOPLIST_FILE = EchoScribe/Resources/Info.plist;
				LD_RUNPATH_SEARCH_PATHS = (
					"$(inherited)",
					"@executable_path/../Frameworks",
				);
				PRODUCT_BUNDLE_IDENTIFIER = com.echoscribe.app;
				PRODUCT_NAME = "Echo Scribe";
				SDKROOT = macosx;
				SWIFT_VERSION = 6.0;
			};
			name = Debug;
		};
		18751D8973CB79463032E84E /* Debug */ = {
			isa = XCBuildConfiguration;
			buildSettings = {
				BUNDLE_LOADER = "$(TEST_HOST)";
				COMBINE_HIDPI_IMAGES = YES;
				GENERATE_INFOPLIST_FILE = YES;
				LD_RUNPATH_SEARCH_PATHS = (
					"$(inherited)",
					"@executable_path/../Frameworks",
					"@loader_path/../Frameworks",
				);
				PRODUCT_BUNDLE_IDENTIFIER = com.echoscribe.EchoScribeTests;
				SDKROOT = macosx;
				SWIFT_VERSION = 6.0;
				TEST_HOST = "$(BUILT_PRODUCTS_DIR)/Echo Scribe.app/Contents/MacOS/Echo Scribe";
			};
			name = Debug;
		};
		5C253C58717648CBC4C10C4B /* Debug */ = {
			isa = XCBuildConfiguration;
			buildSettings = {
				ALWAYS_SEARCH_USER_PATHS = NO;
				CLANG_ANALYZER_NONNULL = YES;
				CLANG_ANALYZER_NUMBER_OBJECT_CONVERSION = YES_AGGRESSIVE;
				CLANG_CXX_LANGUAGE_STANDARD = "gnu++14";
				CLANG_CXX_LIBRARY = "libc++";
				CLANG_ENABLE_MODULES = YES;
				CLANG_ENABLE_OBJC_ARC = YES;
				CLANG_ENABLE_OBJC_WEAK = YES;
				CLANG_WARN_BLOCK_CAPTURE_AUTORELEASING = YES;
				CLANG_WARN_BOOL_CONVERSION = YES;
				CLANG_WARN_COMMA = YES;
				CLANG_WARN_CONSTANT_CONVERSION = YES;
				CLANG_WARN_DEPRECATED_OBJC_IMPLEMENTATIONS = YES;
				CLANG_WARN_DIRECT_OBJC_ISA_USAGE = YES_ERROR;
				CLANG_WARN_DOCUMENTATION_COMMENTS = YES;
				CLANG_WARN_EMPTY_BODY = YES;
				CLANG_WARN_ENUM_CONVERSION = YES;
				CLANG_WARN_INFINITE_RECURSION = YES;
				CLANG_WARN_INT_CONVERSION = YES;
				CLANG_WARN_NON_LITERAL_NULL_CONVERSION = YES;
				CLANG_WARN_OBJC_IMPLICIT_RETAIN_SELF = YES;
				CLANG_WARN_OBJC_LITERAL_CONVERSION = YES;
				CLANG_WARN_OBJC_ROOT_CLASS = YES_ERROR;
				CLANG_WARN_QUOTED_INCLUDE_IN_FRAMEWORK_HEADER = YES;
				CLANG_WARN_RANGE_LOOP_ANALYSIS = YES;
				CLANG_WARN_STRICT_PROTOTYPES = YES;
				CLANG_WARN_SUSPICIOUS_MOVE = YES;
				CLANG_WARN_UNGUARDED_AVAILABILITY = YES_AGGRESSIVE;
				CLANG_WARN_UNREACHABLE_CODE = YES;
				CLANG_WARN__DUPLICATE_METHOD_MATCH = YES;
				COPY_PHASE_STRIP = NO;
				DEBUG_INFORMATION_FORMAT = dwarf;
				ENABLE_STRICT_OBJC_MSGSEND = YES;
				ENABLE_TESTABILITY = YES;
				GCC_C_LANGUAGE_STANDARD = gnu11;
				GCC_DYNAMIC_NO_PIC = NO;
				GCC_NO_COMMON_BLOCKS = YES;
				GCC_OPTIMIZATION_LEVEL = 0;
				GCC_PREPROCESSOR_DEFINITIONS = (
					"$(inherited)",
					"DEBUG=1",
				);
				GCC_WARN_64_TO_32_BIT_CONVERSION = YES;
				GCC_WARN_ABOUT_RETURN_TYPE = YES_ERROR;
				GCC_WARN_UNDECLARED_SELECTOR = YES;
				GCC_WARN_UNINITIALIZED_AUTOS = YES_AGGRESSIVE;
				GCC_WARN_UNUSED_FUNCTION = YES;
				GCC_WARN_UNUSED_VARIABLE = YES;
				MACOSX_DEPLOYMENT_TARGET = 15.0;
				MTL_ENABLE_DEBUG_INFO = INCLUDE_SOURCE;
				MTL_FAST_MATH = YES;
				ONLY_ACTIVE_ARCH = YES;
				PRODUCT_NAME = "$(TARGET_NAME)";
				SDKROOT = macosx;
				SWIFT_ACTIVE_COMPILATION_CONDITIONS = DEBUG;
				SWIFT_OPTIMIZATION_LEVEL = "-Onone";
				SWIFT_VERSION = 5.0;
			};
			name = Debug;
		};
		74BC9A139FA8ABEA5D09ABD3 /* Release */ = {
			isa = XCBuildConfiguration;
			buildSettings = {
				ALWAYS_SEARCH_USER_PATHS = NO;
				CLANG_ANALYZER_NONNULL = YES;
				CLANG_ANALYZER_NUMBER_OBJECT_CONVERSION = YES_AGGRESSIVE;
				CLANG_CXX_LANGUAGE_STANDARD = "gnu++14";
				CLANG_CXX_LIBRARY = "libc++";
				CLANG_ENABLE_MODULES = YES;
				CLANG_ENABLE_OBJC_ARC = YES;
				CLANG_ENABLE_OBJC_WEAK = YES;
				CLANG_WARN_BLOCK_CAPTURE_AUTORELEASING = YES;
				CLANG_WARN_BOOL_CONVERSION = YES;
				CLANG_WARN_COMMA = YES;
				CLANG_WARN_CONSTANT_CONVERSION = YES;
				CLANG_WARN_DEPRECATED_OBJC_IMPLEMENTATIONS = YES;
				CLANG_WARN_DIRECT_OBJC_ISA_USAGE = YES_ERROR;
				CLANG_WARN_DOCUMENTATION_COMMENTS = YES;
				CLANG_WARN_EMPTY_BODY = YES;
				CLANG_WARN_ENUM_CONVERSION = YES;
				CLANG_WARN_INFINITE_RECURSION = YES;
				CLANG_WARN_INT_CONVERSION = YES;
				CLANG_WARN_NON_LITERAL_NULL_CONVERSION = YES;
				CLANG_WARN_OBJC_IMPLICIT_RETAIN_SELF = YES;
				CLANG_WARN_OBJC_LITERAL_CONVERSION = YES;
				CLANG_WARN_OBJC_ROOT_CLASS = YES_ERROR;
				CLANG_WARN_QUOTED_INCLUDE_IN_FRAMEWORK_HEADER = YES;
				CLANG_WARN_RANGE_LOOP_ANALYSIS = YES;
				CLANG_WARN_STRICT_PROTOTYPES = YES;
				CLANG_WARN_SUSPICIOUS_MOVE = YES;
				CLANG_WARN_UNGUARDED_AVAILABILITY = YES_AGGRESSIVE;
				CLANG_WARN_UNREACHABLE_CODE = YES;
				CLANG_WARN__DUPLICATE_METHOD_MATCH = YES;
				COPY_PHASE_STRIP = NO;
				DEBUG_INFORMATION_FORMAT = "dwarf-with-dsym";
				ENABLE_NS_ASSERTIONS = NO;
				ENABLE_STRICT_OBJC_MSGSEND = YES;
				GCC_C_LANGUAGE_STANDARD = gnu11;
				GCC_NO_COMMON_BLOCKS = YES;
				GCC_WARN_64_TO_32_BIT_CONVERSION = YES;
				GCC_WARN_ABOUT_RETURN_TYPE = YES_ERROR;
				GCC_WARN_UNDECLARED_SELECTOR = YES;
				GCC_WARN_UNINITIALIZED_AUTOS = YES_AGGRESSIVE;
				GCC_WARN_UNUSED_FUNCTION = YES;
				GCC_WARN_UNUSED_VARIABLE = YES;
				MACOSX_DEPLOYMENT_TARGET = 15.0;
				MTL_ENABLE_DEBUG_INFO = NO;
				MTL_FAST_MATH = YES;
				PRODUCT_NAME = "$(TARGET_NAME)";
				SDKROOT = macosx;
				SWIFT_COMPILATION_MODE = wholemodule;
				SWIFT_OPTIMIZATION_LEVEL = "-O";
				SWIFT_VERSION = 5.0;
			};
			name = Release;
		};
		85E49EC64A29503B6D330AD8 /* Debug */ = {
			isa = XCBuildConfiguration;
			buildSettings = {
				BUNDLE_LOADER = "$(TEST_HOST)";
				COMBINE_HIDPI_IMAGES = YES;
				GENERATE_INFOPLIST_FILE = YES;
				LD_RUNPATH_SEARCH_PATHS = (
					"$(inherited)",
					"@executable_path/Frameworks",
					"@loader_path/Frameworks",
				);
				PRODUCT_BUNDLE_IDENTIFIER = com.echoscribe.EchoScribeUITests;
				SDKROOT = macosx;
				SWIFT_VERSION = 6.0;
				TEST_TARGET_NAME = EchoScribe;
			};
			name = Debug;
		};
		D8C238D4A3F5AB6D764A7643 /* Release */ = {
			isa = XCBuildConfiguration;
			buildSettings = {
				BUNDLE_LOADER = "$(TEST_HOST)";
				COMBINE_HIDPI_IMAGES = YES;
				GENERATE_INFOPLIST_FILE = YES;
				LD_RUNPATH_SEARCH_PATHS = (
					"$(inherited)",
					"@executable_path/Frameworks",
					"@loader_path/Frameworks",
				);
				PRODUCT_BUNDLE_IDENTIFIER = com.echoscribe.EchoScribeUITests;
				SDKROOT = macosx;
				SWIFT_VERSION = 6.0;
				TEST_TARGET_NAME = EchoScribe;
			};
			name = Release;
		};
		EAFE4AC00AB004530FC489FF /* Release */ = {
			isa = XCBuildConfiguration;
			buildSettings = {
				ASSETCATALOG_COMPILER_APPICON_NAME = AppIcon;
				CODE_SIGN_ENTITLEMENTS = EchoScribe/Resources/EchoScribe.entitlements;
				COMBINE_HIDPI_IMAGES = YES;
				ENABLE_HARDENED_RUNTIME = YES;
				GENERATE_INFOPLIST_FILE = NO;
				INFOPLIST_FILE = EchoScribe/Resources/Info.plist;
				LD_RUNPATH_SEARCH_PATHS = (
					"$(inherited)",
					"@executable_path/../Frameworks",
				);
				PRODUCT_BUNDLE_IDENTIFIER = com.echoscribe.app;
				PRODUCT_NAME = "Echo Scribe";
				SDKROOT = macosx;
				SWIFT_VERSION = 6.0;
			};
			name = Release;
		};
		F09FA0E704A1DFE96174B2BC /* Release */ = {
			isa = XCBuildConfiguration;
			buildSettings = {
				BUNDLE_LOADER = "$(TEST_HOST)";
				COMBINE_HIDPI_IMAGES = YES;
				GENERATE_INFOPLIST_FILE = YES;
				LD_RUNPATH_SEARCH_PATHS = (
					"$(inherited)",
					"@executable_path/../Frameworks",
					"@loader_path/../Frameworks",
				);
				PRODUCT_BUNDLE_IDENTIFIER = com.echoscribe.EchoScribeTests;
				SDKROOT = macosx;
				SWIFT_VERSION = 6.0;
				TEST_HOST = "$(BUILT_PRODUCTS_DIR)/Echo Scribe.app/Contents/MacOS/Echo Scribe";
			};
			name = Release;
		};
/* End XCBuildConfiguration section */

/* Begin XCConfigurationList section */
		0A997DA066FFFDB32C81BD2B /* Build configuration list for PBXNativeTarget "EchoScribe" */ = {
			isa = XCConfigurationList;
			buildConfigurations = (
				124A2A4A94EAE27493D81E5F /* Debug */,
				EAFE4AC00AB004530FC489FF /* Release */,
			);
			defaultConfigurationIsVisible = 0;
			defaultConfigurationName = Debug;
		};
		9FE0AD6BD4F1314CA2F99D59 /* Build configuration list for PBXNativeTarget "EchoScribeUITests" */ = {
			isa = XCConfigurationList;
			buildConfigurations = (
				85E49EC64A29503B6D330AD8 /* Debug */,
				D8C238D4A3F5AB6D764A7643 /* Release */,
			);
			defaultConfigurationIsVisible = 0;
			defaultConfigurationName = Debug;
		};
		CCAF5610C11DB34E468BCE2B /* Build configuration list for PBXProject "EchoScribe" */ = {
			isa = XCConfigurationList;
			buildConfigurations = (
				5C253C58717648CBC4C10C4B /* Debug */,
				74BC9A139FA8ABEA5D09ABD3 /* Release */,
			);
			defaultConfigurationIsVisible = 0;
			defaultConfigurationName = Debug;
		};
		F367D81B8CE6B0BD32FBFE2D /* Build configuration list for PBXNativeTarget "EchoScribeTests" */ = {
			isa = XCConfigurationList;
			buildConfigurations = (
				18751D8973CB79463032E84E /* Debug */,
				F09FA0E704A1DFE96174B2BC /* Release */,
			);
			defaultConfigurationIsVisible = 0;
			defaultConfigurationName = Debug;
		};
/* End XCConfigurationList section */

/* Begin XCRemoteSwiftPackageReference section */
		37718A69E5A08307C5B7B840 /* XCRemoteSwiftPackageReference "KeyboardShortcuts" */ = {
			isa = XCRemoteSwiftPackageReference;
			repositoryURL = "https://github.com/sindresorhus/KeyboardShortcuts.git";
			requirement = {
				kind = upToNextMajorVersion;
				minimumVersion = 2.0.0;
			};
		};
		97613173121469241999D11C /* XCRemoteSwiftPackageReference "Sparkle" */ = {
			isa = XCRemoteSwiftPackageReference;
			repositoryURL = "https://github.com/sparkle-project/Sparkle.git";
			requirement = {
				kind = upToNextMajorVersion;
				minimumVersion = 2.6.0;
			};
		};
		E682A04DB8279705C4240499 /* XCRemoteSwiftPackageReference "WhisperKit" */ = {
			isa = XCRemoteSwiftPackageReference;
			repositoryURL = "https://github.com/argmaxinc/WhisperKit.git";
			requirement = {
				kind = upToNextMajorVersion;
				minimumVersion = 0.16.0;
			};
		};
		EF6592583ECEA0C3A957AE7A /* XCRemoteSwiftPackageReference "mlx-swift-lm" */ = {
			isa = XCRemoteSwiftPackageReference;
			repositoryURL = "https://github.com/ml-explore/mlx-swift-lm.git";
			requirement = {
				kind = upToNextMajorVersion;
				minimumVersion = 2.30.0;
			};
		};
/* End XCRemoteSwiftPackageReference section */

/* Begin XCSwiftPackageProductDependency section */
		7C417D60DC686BCFC9E88713 /* MLXLLM */ = {
			isa = XCSwiftPackageProductDependency;
			package = EF6592583ECEA0C3A957AE7A /* XCRemoteSwiftPackageReference "mlx-swift-lm" */;
			productName = MLXLLM;
		};
		948F1403282285FAC5A7678C /* MLXLMCommon */ = {
			isa = XCSwiftPackageProductDependency;
			package = EF6592583ECEA0C3A957AE7A /* XCRemoteSwiftPackageReference "mlx-swift-lm" */;
			productName = MLXLMCommon;
		};
		A0EB82991BD29C2EDA22947B /* WhisperKit */ = {
			isa = XCSwiftPackageProductDependency;
			package = E682A04DB8279705C4240499 /* XCRemoteSwiftPackageReference "WhisperKit" */;
			productName = WhisperKit;
		};
		EA251577C7F48601B8DB262D /* KeyboardShortcuts */ = {
			isa = XCSwiftPackageProductDependency;
			package = 37718A69E5A08307C5B7B840 /* XCRemoteSwiftPackageReference "KeyboardShortcuts" */;
			productName = KeyboardShortcuts;
		};
		FB3AA12BFACF9E901B72AA54 /* Sparkle */ = {
			isa = XCSwiftPackageProductDependency;
			package = 97613173121469241999D11C /* XCRemoteSwiftPackageReference "Sparkle" */;
			productName = Sparkle;
		};
/* End XCSwiftPackageProductDependency section */

/* Begin XCVersionGroup section */
		E59A9BEEFE1032D81395E035 /* EchoScribe.xcdatamodeld */ = {
			isa = XCVersionGroup;
			children = (
				29BF7E61099BE07D506BB013 /* EchoScribe.xcdatamodel */,
			);
			currentVersion = 29BF7E61099BE07D506BB013 /* EchoScribe.xcdatamodel */;
			path = EchoScribe.xcdatamodeld;
			sourceTree = "<group>";
			versionGroupType = wrapper.xcdatamodel;
		};
/* End XCVersionGroup section */
	};
	rootObject = 72C4AE9834D4E9751A71359A /* Project object */;
}
